[[package]]
category = "dev"
description = "A few extensions to pyyaml."
name = "aspy.yaml"
optional = false
python-versions = ">=2.7, !=3.0.*, !=3.1.*, !=3.2.*, !=3.3.*"
version = "1.3.0"

[package.dependencies]
pyyaml = "*"

[[package]]
category = "main"
description = "Screen-scraping library"
name = "beautifulsoup4"
optional = false
python-versions = "*"
version = "4.9.2"

[package.dependencies]
[package.dependencies.soupsieve]
python = ">=3.0"
version = ">1.2"

[package.extras]
html5lib = ["html5lib"]
lxml = ["lxml"]

[[package]]
category = "main"
description = "Python package for providing Mozilla's CA Bundle."
name = "certifi"
optional = false
python-versions = "*"
version = "2019.6.16"

[[package]]
category = "dev"
description = "Validate configuration and produce human readable error messages."
name = "cfgv"
optional = false
python-versions = ">=2.7, !=3.0.*, !=3.1.*, !=3.2.*, !=3.3.*"
version = "2.0.0"

[package.dependencies]
six = "*"

[[package]]
category = "main"
description = "Universal encoding detector for Python 2 and 3"
name = "chardet"
optional = false
python-versions = "*"
version = "3.0.4"

[[package]]
category = "main"
description = "Composable command line interface toolkit"
name = "click"
optional = false
python-versions = ">=2.7, !=3.0.*, !=3.1.*, !=3.2.*, !=3.3.*"
version = "7.0"

[[package]]
category = "dev"
description = "File identification library for Python"
name = "identify"
optional = false
python-versions = ">=2.7, !=3.0.*, !=3.1.*, !=3.2.*, !=3.3.*"
version = "1.4.5"

[package.extras]
license = ["editdistance"]

[[package]]
category = "main"
description = "Internationalized Domain Names in Applications (IDNA)"
name = "idna"
optional = false
python-versions = ">=2.7, !=3.0.*, !=3.1.*, !=3.2.*, !=3.3.*"
version = "2.8"

[[package]]
category = "dev"
description = "Read metadata from Python packages"
marker = "python_version < \"3.8\""
name = "importlib-metadata"
optional = false
python-versions = ">=2.7,!=3.0,!=3.1,!=3.2,!=3.3"
version = "0.18"

[package.dependencies]
zipp = ">=0.5"

[package.extras]
docs = ["sphinx", "docutils (0.12)", "rst.linker"]

[[package]]
category = "main"
description = "Powerful and Pythonic XML processing library combining libxml2/libxslt with the ElementTree API."
name = "lxml"
optional = false
python-versions = ">=2.7, !=3.0.*, !=3.1.*, !=3.2.*, !=3.3.*, != 3.4.*"
version = "4.4.2"

[package.extras]
cssselect = ["cssselect (>=0.7)"]
html5 = ["html5lib"]
htmlsoup = ["beautifulsoup4"]
source = ["Cython (>=0.29.7)"]

[[package]]
category = "dev"
description = "Node.js virtual environment builder"
name = "nodeenv"
optional = false
python-versions = "*"
version = "1.3.3"

[[package]]
category = "dev"
description = "A framework for managing and maintaining multi-language pre-commit hooks."
name = "pre-commit"
optional = false
python-versions = "!=3.0.*,!=3.1.*,!=3.2.*,!=3.3.*,!=3.4.*,>=2.7"
version = "1.21.0"

[package.dependencies]
"aspy.yaml" = "*"
cfgv = ">=2.0.0"
identify = ">=1.0.0"
nodeenv = ">=0.11.1"
pyyaml = "*"
six = "*"
toml = "*"
virtualenv = ">=15.2"

[package.dependencies.importlib-metadata]
python = "<3.8"
version = "*"

[[package]]
category = "dev"
description = "YAML parser and emitter for Python"
name = "pyyaml"
optional = false
python-versions = ">=2.7, !=3.0.*, !=3.1.*, !=3.2.*, !=3.3.*"
version = "5.1.1"

[[package]]
category = "main"
description = "Python HTTP for Humans."
name = "requests"
optional = false
python-versions = ">=2.7, !=3.0.*, !=3.1.*, !=3.2.*, !=3.3.*, !=3.4.*"
version = "2.22.0"

[package.dependencies]
certifi = ">=2017.4.17"
chardet = ">=3.0.2,<3.1.0"
idna = ">=2.5,<2.9"
urllib3 = ">=1.21.1,<1.25.0 || >1.25.0,<1.25.1 || >1.25.1,<1.26"

[package.extras]
security = ["pyOpenSSL (>=0.14)", "cryptography (>=1.3.4)", "idna (>=2.0.0)"]
socks = ["PySocks (>=1.5.6,<1.5.7 || >1.5.7)", "win-inet-pton"]

[[package]]
category = "dev"
description = "Python 2 and 3 compatibility utilities"
name = "six"
optional = false
python-versions = ">=2.6, !=3.0.*, !=3.1.*"
version = "1.12.0"

[[package]]
category = "main"
description = "A modern CSS selector implementation for Beautiful Soup."
marker = "python_version >= \"3.0\""
name = "soupsieve"
optional = false
python-versions = "*"
version = "1.9.2"

[[package]]
category = "dev"
description = "Python Library for Tom's Obvious, Minimal Language"
name = "toml"
optional = false
python-versions = "*"
version = "0.10.0"

[[package]]
category = "main"
description = "HTTP library with thread-safe connection pooling, file post, and more."
name = "urllib3"
optional = false
python-versions = ">=2.7, !=3.0.*, !=3.1.*, !=3.2.*, !=3.3.*, <4"
version = "1.25.3"

[package.extras]
brotli = ["brotlipy (>=0.6.0)"]
secure = ["pyOpenSSL (>=0.14)", "cryptography (>=1.3.4)", "idna (>=2.0.0)", "certifi", "ipaddress"]
socks = ["PySocks (>=1.5.6,<1.5.7 || >1.5.7,<2.0)"]

[[package]]
category = "dev"
description = "Virtual Python Environment builder"
name = "virtualenv"
optional = false
python-versions = ">=2.7, !=3.0.*, !=3.1.*, !=3.2.*, !=3.3.*"
version = "16.6.2"

[package.extras]
docs = ["sphinx (>=1.8.0,<2)", "towncrier (>=18.5.0)", "sphinx-rtd-theme (>=0.4.2,<1)"]
testing = ["pytest (>=4.0.0,<5)", "coverage (>=4.5.0,<5)", "pytest-timeout (>=1.3.0,<2)", "six (>=1.10.0,<2)", "pytest-xdist", "pytest-localserver", "pypiserver", "mock", "xonsh"]

[[package]]
category = "dev"
description = "Backport of pathlib-compatible object wrapper for zip files"
marker = "python_version < \"3.8\""
name = "zipp"
optional = false
python-versions = ">=2.7"
version = "0.5.2"

[package.extras]
docs = ["sphinx", "jaraco.packaging (>=3.2)", "rst.linker (>=1.9)"]
testing = ["pathlib2", "contextlib2", "unittest2"]

[metadata]
content-hash = "d09d9c3206ac04eddf6de3b16ff6ac64a590bf3f0552d80da58ed202cf5db573"
lock-version = "1.0"
python-versions = "^3.7"

[metadata.files]
"aspy.yaml" = [
    {file = "aspy.yaml-1.3.0-py2.py3-none-any.whl", hash = "sha256:463372c043f70160a9ec950c3f1e4c3a82db5fca01d334b6bc89c7164d744bdc"},
    {file = "aspy.yaml-1.3.0.tar.gz", hash = "sha256:e7c742382eff2caed61f87a39d13f99109088e5e93f04d76eb8d4b28aa143f45"},
]
beautifulsoup4 = [
    {file = "beautifulsoup4-4.9.2-py2-none-any.whl", hash = "sha256:645d833a828722357038299b7f6879940c11dddd95b900fe5387c258b72bb883"},
    {file = "beautifulsoup4-4.9.2-py3-none-any.whl", hash = "sha256:5dfe44f8fddc89ac5453f02659d3ab1668f2c0d9684839f0785037e8c6d9ac8d"},
    {file = "beautifulsoup4-4.9.2.tar.gz", hash = "sha256:1edf5e39f3a5bc6e38b235b369128416c7239b34f692acccececb040233032a1"},
]
certifi = [
    {file = "certifi-2019.6.16-py2.py3-none-any.whl", hash = "sha256:046832c04d4e752f37383b628bc601a7ea7211496b4638f6514d0e5b9acc4939"},
    {file = "certifi-2019.6.16.tar.gz", hash = "sha256:945e3ba63a0b9f577b1395204e13c3a231f9bc0223888be653286534e5873695"},
]
cfgv = [
    {file = "cfgv-2.0.0-py2.py3-none-any.whl", hash = "sha256:3bd31385cd2bebddbba8012200aaf15aa208539f1b33973759b4d02fc2148da5"},
    {file = "cfgv-2.0.0.tar.gz", hash = "sha256:32edbe09de6f4521224b87822103a8c16a614d31a894735f7a5b3bcf0eb3c37e"},
]
chardet = [
    {file = "chardet-3.0.4-py2.py3-none-any.whl", hash = "sha256:fc323ffcaeaed0e0a02bf4d117757b98aed530d9ed4531e3e15460124c106691"},
    {file = "chardet-3.0.4.tar.gz", hash = "sha256:84ab92ed1c4d4f16916e05906b6b75a6c0fb5db821cc65e70cbd64a3e2a5eaae"},
]
click = [
    {file = "Click-7.0-py2.py3-none-any.whl", hash = "sha256:2335065e6395b9e67ca716de5f7526736bfa6ceead690adf616d925bdc622b13"},
    {file = "Click-7.0.tar.gz", hash = "sha256:5b94b49521f6456670fdb30cd82a4eca9412788a93fa6dd6df72c94d5a8ff2d7"},
]
identify = [
    {file = "identify-1.4.5-py2.py3-none-any.whl", hash = "sha256:0a11379b46d06529795442742a043dc2fa14cd8c995ae81d1febbc5f1c014c87"},
    {file = "identify-1.4.5.tar.gz", hash = "sha256:43a5d24ffdb07bc7e21faf68b08e9f526a1f41f0056073f480291539ef961dfd"},
]
idna = [
    {file = "idna-2.8-py2.py3-none-any.whl", hash = "sha256:ea8b7f6188e6fa117537c3df7da9fc686d485087abf6ac197f9c46432f7e4a3c"},
    {file = "idna-2.8.tar.gz", hash = "sha256:c357b3f628cf53ae2c4c05627ecc484553142ca23264e593d327bcde5e9c3407"},
]
importlib-metadata = [
    {file = "importlib_metadata-0.18-py2.py3-none-any.whl", hash = "sha256:6dfd58dfe281e8d240937776065dd3624ad5469c835248219bd16cf2e12dbeb7"},
    {file = "importlib_metadata-0.18.tar.gz", hash = "sha256:cb6ee23b46173539939964df59d3d72c3e0c1b5d54b84f1d8a7e912fe43612db"},
]
lxml = [
    {file = "lxml-4.4.2-cp27-cp27m-macosx_10_6_intel.macosx_10_9_intel.macosx_10_9_x86_64.macosx_10_10_intel.macosx_10_10_x86_64.whl", hash = "sha256:7b4fc7b1ecc987ca7aaf3f4f0e71bbfbd81aaabf87002558f5bc95da3a865bcd"},
    {file = "lxml-4.4.2-cp27-cp27m-manylinux1_i686.whl", hash = "sha256:f6ed60a62c5f1c44e789d2cf14009423cb1646b44a43e40a9cf6a21f077678a1"},
    {file = "lxml-4.4.2-cp27-cp27m-manylinux1_x86_64.whl", hash = "sha256:4fcc472ef87f45c429d3b923b925704aa581f875d65bac80f8ab0c3296a63f78"},
    {file = "lxml-4.4.2-cp27-cp27m-win32.whl", hash = "sha256:ad9b81351fdc236bda538efa6879315448411a81186c836d4b80d6ca8217cdb9"},
    {file = "lxml-4.4.2-cp27-cp27m-win_amd64.whl", hash = "sha256:8f54f0924d12c47a382c600c880770b5ebfc96c9fd94cf6f6bdc21caf6163ea7"},
    {file = "lxml-4.4.2-cp27-cp27mu-manylinux1_i686.whl", hash = "sha256:217262fcf6a4c2e1c7cb1efa08bd9ebc432502abc6c255c4abab611e8be0d14d"},
    {file = "lxml-4.4.2-cp27-cp27mu-manylinux1_x86_64.whl", hash = "sha256:6e74d5f4d6ecd6942375c52ffcd35f4318a61a02328f6f1bd79fcb4ffedf969e"},
    {file = "lxml-4.4.2-cp35-cp35m-manylinux1_i686.whl", hash = "sha256:13cf89be53348d1c17b453867da68704802966c433b2bb4fa1f970daadd2ef70"},
    {file = "lxml-4.4.2-cp35-cp35m-manylinux1_x86_64.whl", hash = "sha256:cf4650942de5e5685ad308e22bcafbccfe37c54aa7c0e30cd620c2ee5c93d336"},
    {file = "lxml-4.4.2-cp35-cp35m-win32.whl", hash = "sha256:0571e607558665ed42e450d7bf0e2941d542c18e117b1ebbf0ba72f287ad841c"},
    {file = "lxml-4.4.2-cp35-cp35m-win_amd64.whl", hash = "sha256:3213f753e8ae86c396e0e066866e64c6b04618e85c723b32ecb0909885211f74"},
    {file = "lxml-4.4.2-cp36-cp36m-macosx_10_6_intel.macosx_10_9_intel.macosx_10_9_x86_64.macosx_10_10_intel.macosx_10_10_x86_64.whl", hash = "sha256:4690984a4dee1033da0af6df0b7a6bde83f74e1c0c870623797cec77964de34d"},
    {file = "lxml-4.4.2-cp36-cp36m-manylinux1_i686.whl", hash = "sha256:0e3f04a7615fdac0be5e18b2406529521d6dbdb0167d2a690ee328bef7807487"},
    {file = "lxml-4.4.2-cp36-cp36m-manylinux1_x86_64.whl", hash = "sha256:e301055deadfedbd80cf94f2f65ff23126b232b0d1fea28f332ce58137bcdb18"},
    {file = "lxml-4.4.2-cp36-cp36m-win32.whl", hash = "sha256:223e544828f1955daaf4cefbb4853bc416b2ec3fd56d4f4204a8b17007c21250"},
    {file = "lxml-4.4.2-cp36-cp36m-win_amd64.whl", hash = "sha256:c3c289762cc09735e2a8f8a49571d0e8b4f57ea831ea11558247b5bdea0ac4db"},
    {file = "lxml-4.4.2-cp37-cp37m-macosx_10_6_intel.macosx_10_9_intel.macosx_10_9_x86_64.macosx_10_10_intel.macosx_10_10_x86_64.whl", hash = "sha256:00ac0d64949fef6b3693813fe636a2d56d97a5a49b5bbb86e4cc4cc50ebc9ea2"},
    {file = "lxml-4.4.2-cp37-cp37m-manylinux1_i686.whl", hash = "sha256:cfcbc33c9c59c93776aa41ab02e55c288a042211708b72fdb518221cc803abc8"},
    {file = "lxml-4.4.2-cp37-cp37m-manylinux1_x86_64.whl", hash = "sha256:61409bd745a265a742f2693e4600e4dbd45cc1daebe1d5fad6fcb22912d44145"},
    {file = "lxml-4.4.2-cp37-cp37m-win32.whl", hash = "sha256:678f1963f755c5d9f5f6968dded7b245dd1ece8cf53c1aa9d80e6734a8c7f41d"},
    {file = "lxml-4.4.2-cp37-cp37m-win_amd64.whl", hash = "sha256:6c6d03549d4e2734133badb9ab1c05d9f0ef4bcd31d83e5d2b4747c85cfa21da"},
    {file = "lxml-4.4.2-cp38-cp38-manylinux1_i686.whl", hash = "sha256:ebbfe24df7f7b5c6c7620702496b6419f6a9aa2fd7f005eb731cc80d7b4692b9"},
    {file = "lxml-4.4.2-cp38-cp38-manylinux1_x86_64.whl", hash = "sha256:277cb61fede2f95b9c61912fefb3d43fbd5f18bf18a14fae4911b67984486f5d"},
    {file = "lxml-4.4.2-cp38-cp38-win32.whl", hash = "sha256:bbd00e21ea17f7bcc58dccd13869d68441b32899e89cf6cfa90d624a9198ce85"},
    {file = "lxml-4.4.2-cp38-cp38-win_amd64.whl", hash = "sha256:7ed386a40e172ddf44c061ad74881d8622f791d9af0b6f5be20023029129bc85"},
    {file = "lxml-4.4.2.tar.gz", hash = "sha256:eff69ddbf3ad86375c344339371168640951c302450c5d3e9936e98d6459db06"},
]
nodeenv = [
    {file = "nodeenv-1.3.3.tar.gz", hash = "sha256:ad8259494cf1c9034539f6cced78a1da4840a4b157e23640bc4a0c0546b0cb7a"},
]
pre-commit = [
    {file = "pre_commit-1.21.0-py2.py3-none-any.whl", hash = "sha256:f92a359477f3252452ae2e8d3029de77aec59415c16ae4189bcfba40b757e029"},
    {file = "pre_commit-1.21.0.tar.gz", hash = "sha256:8f48d8637bdae6fa70cc97db9c1dd5aa7c5c8bf71968932a380628c25978b850"},
]
pyyaml = [
    {file = "PyYAML-5.1.1-cp27-cp27m-win32.whl", hash = "sha256:70d9818f1c9cd5c48bb87804f2efc8692f1023dac7f1a1a5c61d454043c1d265"},
    {file = "PyYAML-5.1.1-cp27-cp27m-win_amd64.whl", hash = "sha256:a0f329125a926876f647c9fa0ef32801587a12328b4a3c741270464e3e4fa778"},
    {file = "PyYAML-5.1.1-cp34-cp34m-win32.whl", hash = "sha256:cd0618c5ba5bda5f4039b9398bb7fb6a317bb8298218c3de25c47c4740e4b95e"},
    {file = "PyYAML-5.1.1-cp34-cp34m-win_amd64.whl", hash = "sha256:57acc1d8533cbe51f6662a55434f0dbecfa2b9eaf115bede8f6fd00115a0c0d3"},
    {file = "PyYAML-5.1.1-cp35-cp35m-win32.whl", hash = "sha256:ceacb9e5f8474dcf45b940578591c7f3d960e82f926c707788a570b51ba59190"},
    {file = "PyYAML-5.1.1-cp35-cp35m-win_amd64.whl", hash = "sha256:fe6a88094b64132c4bb3b631412e90032e8cfe9745a58370462240b8cb7553cd"},
    {file = "PyYAML-5.1.1-cp36-cp36m-win32.whl", hash = "sha256:68c8dd247f29f9a0d09375c9c6b8fdc64b60810ebf07ba4cdd64ceee3a58c7b7"},
    {file = "PyYAML-5.1.1-cp36-cp36m-win_amd64.whl", hash = "sha256:588c94b3d16b76cfed8e0be54932e5729cc185caffaa5a451e7ad2f7ed8b4043"},
    {file = "PyYAML-5.1.1-cp37-cp37m-win32.whl", hash = "sha256:a3c252ab0fa1bb0d5a3f6449a4826732f3eb6c0270925548cac342bc9b22c225"},
    {file = "PyYAML-5.1.1-cp37-cp37m-win_amd64.whl", hash = "sha256:86a93cccd50f8c125286e637328ff4eef108400dd7089b46a7be3445eecfa391"},
    {file = "PyYAML-5.1.1.tar.gz", hash = "sha256:b4bb4d3f5e232425e25dda21c070ce05168a786ac9eda43768ab7f3ac2770955"},
]
requests = [
    {file = "requests-2.22.0-py2.py3-none-any.whl", hash = "sha256:9cf5292fcd0f598c671cfc1e0d7d1a7f13bb8085e9a590f48c010551dc6c4b31"},
    {file = "requests-2.22.0.tar.gz", hash = "sha256:11e007a8a2aa0323f5a921e9e6a2d7e4e67d9877e85773fba9ba6419025cbeb4"},
]
six = [
    {file = "six-1.12.0-py2.py3-none-any.whl", hash = "sha256:3350809f0555b11f552448330d0b52d5f24c91a322ea4a15ef22629740f3761c"},
    {file = "six-1.12.0.tar.gz", hash = "sha256:d16a0141ec1a18405cd4ce8b4613101da75da0e9a7aec5bdd4fa804d0e0eba73"},
]
soupsieve = [
    {file = "soupsieve-1.9.2-py2.py3-none-any.whl", hash = "sha256:e4e9c053d59795e440163733a7fec6c5972210e1790c507e4c7b051d6c5259de"},
    {file = "soupsieve-1.9.2.tar.gz", hash = "sha256:72b5f1aea9101cf720a36bb2327ede866fd6f1a07b1e87c92a1cc18113cbc946"},
]
toml = [
    {file = "toml-0.10.0-py2.7.egg", hash = "sha256:f1db651f9657708513243e61e6cc67d101a39bad662eaa9b5546f789338e07a3"},
    {file = "toml-0.10.0-py2.py3-none-any.whl", hash = "sha256:235682dd292d5899d361a811df37e04a8828a5b1da3115886b73cf81ebc9100e"},
    {file = "toml-0.10.0.tar.gz", hash = "sha256:229f81c57791a41d65e399fc06bf0848bab550a9dfd5ed66df18ce5f05e73d5c"},
]
urllib3 = [
    {file = "urllib3-1.25.3-py2.py3-none-any.whl", hash = "sha256:b246607a25ac80bedac05c6f282e3cdaf3afb65420fd024ac94435cabe6e18d1"},
    {file = "urllib3-1.25.3.tar.gz", hash = "sha256:dbe59173209418ae49d485b87d1681aefa36252ee85884c31346debd19463232"},
]
virtualenv = [
    {file = "virtualenv-16.6.2-py2.py3-none-any.whl", hash = "sha256:ba8ce6a961d842320681fb90a3d564d0e5134f41dacd0e2bae7f02441dde2d52"},
    {file = "virtualenv-16.6.2.tar.gz", hash = "sha256:861bbce3a418110346c70f5c7a696fdcf23a261424e1d28aa4f9362fc2ccbc19"},
]
zipp = [
    {file = "zipp-0.5.2-py2.py3-none-any.whl", hash = "sha256:8a5712cfd3bb4248015eb3b0b3c54a5f6ee3f2425963ef2a0125b8bc40aafaec"},
    {file = "zipp-0.5.2.tar.gz", hash = "sha256:4970c3758f4e89a7857a973b1e2a5d75bcdc47794442f2e2dd4fe8e0466e809a"},
]
